
Microsoft Visual Studio Solution File, Format Version 11.00
# Visual Studio 2010
Project("{FAE04EC0-301F-11D3-BF4B-00C04F79EFBC}") = "AHSGame", "Step Master\AHSGame\AHSGame.csproj", "{FB3D0D33-5CDF-4A22-BA7C-C5A6D31471AB}"
EndProject
Project("{96E2B04D-8817-42C6-938A-82C39BA4D311}") = "Content", "Step Master\Content\Content.contentproj", "{78412CB2-E04A-40FF-ACB1-46B540FD7CB1}"
EndProject
Global
	GlobalSection(SolutionConfigurationPlatforms) = preSolution
		Debug|x86 = Debug|x86
		Release|x86 = Release|x86
	EndGlobalSection
	GlobalSection(ProjectConfigurationPlatforms) = postSolution
		{FB3D0D33-5CDF-4A22-BA7C-C5A6D31471AB}.Debug|x86.ActiveCfg = Debug|x86
		{FB3D0D33-5CDF-4A22-BA7C-C5A6D31471AB}.Debug|x86.Build.0 = Debug|x86
		{FB3D0D33-5CDF-4A22-BA7C-C5A6D31471AB}.Release|x86.ActiveCfg = Release|x86
		{FB3D0D33-5CDF-4A22-BA7C-C5A6D31471AB}.Release|x86.Build.0 = Release|x86
		{78412CB2-E04A-40FF-ACB1-46B540FD7CB1}.Debug|x86.ActiveCfg = Debug|x86
		{78412CB2-E04A-40FF-ACB1-46B540FD7CB1}.Release|x86.ActiveCfg = Release|x86
	EndGlobalSection
	GlobalSection(SolutionProperties) = preSolution
		HideSolutionNode = FALSE
	EndGlobalSection
EndGlobal
