
Microsoft Visual Studio Solution File, Format Version 11.00
# Visual Studio 2010
Project("{FAE04EC0-301F-11D3-BF4B-00C04F79EFBC}") = "Mountains V2k", "Mountains V2K\AHS Kinect Game\Mountains V2k.csproj", "{2B845011-8FEE-47B5-9A3B-7E869E962DFC}"
EndProject
Project("{FAE04EC0-301F-11D3-BF4B-00C04F79EFBC}") = "Mountains V2K Content", "Mountains V2K\AHS Kinect Game Content\Mountains V2K Content.contentproj", "{F975E0B1-EE8F-4525-8F72-FD9A712E5CDC}"
EndProject
Global
	GlobalSection(SolutionConfigurationPlatforms) = preSolution
		Debug|x86 = Debug|x86
		Release|x86 = Release|x86
	EndGlobalSection
	GlobalSection(ProjectConfigurationPlatforms) = postSolution
		{2B845011-8FEE-47B5-9A3B-7E869E962DFC}.Debug|x86.ActiveCfg = Debug|x86
		{2B845011-8FEE-47B5-9A3B-7E869E962DFC}.Debug|x86.Build.0 = Debug|x86
		{2B845011-8FEE-47B5-9A3B-7E869E962DFC}.Release|x86.ActiveCfg = Release|x86
		{2B845011-8FEE-47B5-9A3B-7E869E962DFC}.Release|x86.Build.0 = Release|x86
		{F975E0B1-EE8F-4525-8F72-FD9A712E5CDC}.Debug|x86.ActiveCfg = Debug|x86
		{F975E0B1-EE8F-4525-8F72-FD9A712E5CDC}.Release|x86.ActiveCfg = Release|x86
	EndGlobalSection
	GlobalSection(SolutionProperties) = preSolution
		HideSolutionNode = FALSE
	EndGlobalSection
EndGlobal
