
Microsoft Visual Studio Solution File, Format Version 11.00
# Visual Studio 2010
Project("{FAE04EC0-301F-11D3-BF4B-00C04F79EFBC}") = "GameLibrary", "GameLibrary\GameLibrary.csproj", "{4FAF9495-B7A2-494A-A5DE-59C827EA0672}"
EndProject
Global
	GlobalSection(SolutionConfigurationPlatforms) = preSolution
		Debug|x86 = Debug|x86
		Release|x86 = Release|x86
	EndGlobalSection
	GlobalSection(ProjectConfigurationPlatforms) = postSolution
		{4FAF9495-B7A2-494A-A5DE-59C827EA0672}.Debug|x86.ActiveCfg = Debug|x86
		{4FAF9495-B7A2-494A-A5DE-59C827EA0672}.Debug|x86.Build.0 = Debug|x86
		{4FAF9495-B7A2-494A-A5DE-59C827EA0672}.Release|x86.ActiveCfg = Release|x86
		{4FAF9495-B7A2-494A-A5DE-59C827EA0672}.Release|x86.Build.0 = Release|x86
	EndGlobalSection
	GlobalSection(SolutionProperties) = preSolution
		HideSolutionNode = FALSE
	EndGlobalSection
EndGlobal
